uuid: de2b838c-de4e-4bbf-918a-2abccc822f7e
langcode: da
status: true
dependencies:
  module:
    - social_post
    - system
  theme:
    - friv
id: friv_postongroupblock
theme: friv
region: hidden
weight: -9
provider: null
plugin: post_group_block
settings:
  id: post_group_block
  label: 'Post on group block'
  provider: social_post
  label_display: '0'
visibility:
  request_path:
    id: request_path
    pages: '/group/*/stream'
    negate: false
    context_mapping: {  }
