uuid: 698d427b-7a0e-4657-ac19-ba16f692f8a8
langcode: da
status: true
dependencies:
  module:
    - social_post
    - system
  theme:
    - socialblue
id: socialblue_postonprofileblock
theme: socialblue
region: hidden
weight: -9
provider: null
plugin: post_profile_block
settings:
  id: post_profile_block
  label: 'Post on profile block'
  provider: social_post
  label_display: '0'
visibility:
  request_path:
    id: request_path
    pages: '/user/*/stream'
    negate: false
    context_mapping: {  }
