uuid: 30e7acc4-3e20-4ca6-9131-661ed12eea6b
langcode: da
status: true
dependencies:
  module:
    - social_group
    - system
  theme:
    - socialblue
id: socialblue_group_add_topic_block
theme: socialblue
region: complementary_top
weight: -24
provider: null
plugin: group_add_topic_block
settings:
  id: group_add_topic_block
  label: 'Group add topic block'
  provider: social_group
  label_display: '0'
visibility:
  request_path:
    id: request_path
    pages: "/group/*/topics\r\n/dokumenter"
    negate: false
    context_mapping: {  }
