uuid: 448441f8-29eb-4e47-9b24-49f4593c371c
langcode: da
status: true
dependencies:
  module:
    - social_post
    - system
  theme:
    - friv
id: friv_postblock
theme: friv
region: hidden
weight: -7
provider: null
plugin: post_block
settings:
  id: post_block
  label: 'Post block'
  provider: social_post
  label_display: '0'
visibility:
  request_path:
    id: request_path
    pages: /stream
    negate: false
    context_mapping: {  }
