uuid: 41ee5cd3-a853-4dcc-9d1d-2a01d698cc5f
langcode: da
status: true
dependencies:
  module:
    - social_post
    - system
  theme:
    - friv
id: friv_postonprofileblock
theme: friv
region: hidden
weight: -9
provider: null
plugin: post_profile_block
settings:
  id: post_profile_block
  label: 'Post on profile block'
  provider: social_post
  label_display: '0'
visibility:
  request_path:
    id: request_path
    pages: '/user/*/stream'
    negate: false
    context_mapping: {  }
