uuid: 33808f96-49aa-40d1-aa17-d3d21728a740
langcode: da
status: true
dependencies:
  module:
    - social_user
    - user
  theme:
    - friv
id: friv_accountheaderblock
theme: friv
region: header
weight: 2
provider: null
plugin: account_header_block
settings:
  id: account_header_block
  label: 'Account header block'
  provider: social_user
  label_display: '0'
  context_mapping:
    user: '@user.current_user_context:current_user'
visibility:
  user_role:
    id: user_role
    roles:
      authenticated: authenticated
      administrator: administrator
    negate: false
    context_mapping:
      user: '@user.current_user_context:current_user'
