uuid: a411e9f7-ca03-4e6d-9a11-b2d7b9b8c8d5
langcode: da
status: true
dependencies:
  module:
    - block_content
    - text
_core:
  default_config_hash: ObHFhZ4Zmgmh5dAORZGEdF3jx-W5NcBmNq2MQeX41x8
id: block_content.field_text_block
field_name: field_text_block
entity_type: block_content
type: text_long
settings: {  }
module: text
locked: false
cardinality: 1
translatable: true
indexes: {  }
persist_with_no_fields: false
custom_storage: false
